
Microsoft Visual Studio Solution File, Format Version 12.00
# Visual Studio Version 17
VisualStudioVersion = 17.12.35707.178
MinimumVisualStudioVersion = 10.0.40219.1
Project("{FAE04EC0-301F-11D3-BF4B-00C04F79EFBC}") = "E_Commerce", "E_Commerce\E_Commerce.csproj", "{3ACB4B5E-623F-4B1A-A477-4BF3DB281F69}"
EndProject
Project("{FAE04EC0-301F-11D3-BF4B-00C04F79EFBC}") = "Domin", "Domin\Domin.csproj", "{A6DEC789-A668-413A-83C2-E8C77FEE0FF0}"
EndProject
Project("{FAE04EC0-301F-11D3-BF4B-00C04F79EFBC}") = "Services", "Repository\Services.csproj", "{7A4C6314-B704-41F2-9EBF-83DC312C5C0C}"
EndProject
Project("{FAE04EC0-301F-11D3-BF4B-00C04F79EFBC}") = "SeedingData", "SeedingData\SeedingData.csproj", "{3BDB6D11-C2C4-4CB2-9E99-08751A21BB38}"
EndProject
Project("{2150E333-8FDC-42A3-9474-1A3956D46DE8}") = "gitignore", "gitignore", "{37E2A081-10A7-462D-A8FC-C9653876077D}"
	ProjectSection(SolutionItems) = preProject
		x.gitignore = x.gitignore
	EndProjectSection
EndProject
Project("{FAE04EC0-301F-11D3-BF4B-00C04F79EFBC}") = "Repository", "Services\Repository.csproj", "{0C7FEAE2-AD0F-44F0-8A8C-88B1F05824BE}"
EndProject
Project("{FAE04EC0-301F-11D3-BF4B-00C04F79EFBC}") = "Infrastructure", "Infrastructure\Infrastructure.csproj", "{BC9419FD-F402-4FC2-ADEB-34E7D1BAB020}"
EndProject
Global
	GlobalSection(SolutionConfigurationPlatforms) = preSolution
		Debug|Any CPU = Debug|Any CPU
		Release|Any CPU = Release|Any CPU
	EndGlobalSection
	GlobalSection(ProjectConfigurationPlatforms) = postSolution
		{3ACB4B5E-623F-4B1A-A477-4BF3DB281F69}.Debug|Any CPU.ActiveCfg = Debug|Any CPU
		{3ACB4B5E-623F-4B1A-A477-4BF3DB281F69}.Debug|Any CPU.Build.0 = Debug|Any CPU
		{3ACB4B5E-623F-4B1A-A477-4BF3DB281F69}.Release|Any CPU.ActiveCfg = Release|Any CPU
		{3ACB4B5E-623F-4B1A-A477-4BF3DB281F69}.Release|Any CPU.Build.0 = Release|Any CPU
		{A6DEC789-A668-413A-83C2-E8C77FEE0FF0}.Debug|Any CPU.ActiveCfg = Debug|Any CPU
		{A6DEC789-A668-413A-83C2-E8C77FEE0FF0}.Debug|Any CPU.Build.0 = Debug|Any CPU
		{A6DEC789-A668-413A-83C2-E8C77FEE0FF0}.Release|Any CPU.ActiveCfg = Release|Any CPU
		{A6DEC789-A668-413A-83C2-E8C77FEE0FF0}.Release|Any CPU.Build.0 = Release|Any CPU
		{7A4C6314-B704-41F2-9EBF-83DC312C5C0C}.Debug|Any CPU.ActiveCfg = Debug|Any CPU
		{7A4C6314-B704-41F2-9EBF-83DC312C5C0C}.Debug|Any CPU.Build.0 = Debug|Any CPU
		{7A4C6314-B704-41F2-9EBF-83DC312C5C0C}.Release|Any CPU.ActiveCfg = Release|Any CPU
		{7A4C6314-B704-41F2-9EBF-83DC312C5C0C}.Release|Any CPU.Build.0 = Release|Any CPU
		{3BDB6D11-C2C4-4CB2-9E99-08751A21BB38}.Debug|Any CPU.ActiveCfg = Debug|Any CPU
		{3BDB6D11-C2C4-4CB2-9E99-08751A21BB38}.Debug|Any CPU.Build.0 = Debug|Any CPU
		{3BDB6D11-C2C4-4CB2-9E99-08751A21BB38}.Release|Any CPU.ActiveCfg = Release|Any CPU
		{3BDB6D11-C2C4-4CB2-9E99-08751A21BB38}.Release|Any CPU.Build.0 = Release|Any CPU
		{0C7FEAE2-AD0F-44F0-8A8C-88B1F05824BE}.Debug|Any CPU.ActiveCfg = Debug|Any CPU
		{0C7FEAE2-AD0F-44F0-8A8C-88B1F05824BE}.Debug|Any CPU.Build.0 = Debug|Any CPU
		{0C7FEAE2-AD0F-44F0-8A8C-88B1F05824BE}.Release|Any CPU.ActiveCfg = Release|Any CPU
		{0C7FEAE2-AD0F-44F0-8A8C-88B1F05824BE}.Release|Any CPU.Build.0 = Release|Any CPU
		{BC9419FD-F402-4FC2-ADEB-34E7D1BAB020}.Debug|Any CPU.ActiveCfg = Debug|Any CPU
		{BC9419FD-F402-4FC2-ADEB-34E7D1BAB020}.Debug|Any CPU.Build.0 = Debug|Any CPU
		{BC9419FD-F402-4FC2-ADEB-34E7D1BAB020}.Release|Any CPU.ActiveCfg = Release|Any CPU
		{BC9419FD-F402-4FC2-ADEB-34E7D1BAB020}.Release|Any CPU.Build.0 = Release|Any CPU
	EndGlobalSection
	GlobalSection(SolutionProperties) = preSolution
		HideSolutionNode = FALSE
	EndGlobalSection
	GlobalSection(ExtensibilityGlobals) = postSolution
		SolutionGuid = {33142A5A-3618-4E7F-98B7-7F05EF71C28F}
	EndGlobalSection
EndGlobal
